{
  "version": 4,
  "terraform_version": "1.5.5",
  "serial": 16,
  "lineage": "6499f07c-8c0e-a147-2bd8-0b46d6887131",
  "outputs": {},
  "resources": [
    {
      "mode": "managed",
      "type": "aws_vpc",
      "name": "main",
      "provider": "provider[\"registry.terraform.io/hashicorp/aws\"]",
      "instances": [
        {
          "index_key": "dev",
          "schema_version": 1,
          "attributes": {
            "arn": "arn:aws:ec2:eu-west-2:471112779887:vpc/vpc-0f0c02a5f54219624",
            "assign_generated_ipv6_cidr_block": false,
            "cidr_block": "10.0.0.0/16",
            "default_network_acl_id": "acl-0764ef1284de39f1a",
            "default_route_table_id": "rtb-014e82648dc3ab5d0",
            "default_security_group_id": "sg-0bd9f52306319ae48",
            "dhcp_options_id": "dopt-0253103566a559c67",
            "enable_dns_hostnames": false,
            "enable_dns_support": true,
            "enable_network_address_usage_metrics": false,
            "id": "vpc-0f0c02a5f54219624",
            "instance_tenancy": "default",
            "ipv4_ipam_pool_id": null,
            "ipv4_netmask_length": null,
            "ipv6_association_id": "",
            "ipv6_cidr_block": "",
            "ipv6_cidr_block_network_border_group": "",
            "ipv6_ipam_pool_id": "",
            "ipv6_netmask_length": 0,
            "main_route_table_id": "rtb-014e82648dc3ab5d0",
            "owner_id": "471112779887",
            "tags": {
              "Name": "dev"
            },
            "tags_all": {
              "Name": "dev"
            }
          },
          "sensitive_attributes": [],
          "private": "eyJzY2hlbWFfdmVyc2lvbiI6IjEifQ=="
        },
        {
          "index_key": "prod",
          "schema_version": 1,
          "attributes": {
            "arn": "arn:aws:ec2:eu-west-2:471112779887:vpc/vpc-0b961738053dd2d96",
            "assign_generated_ipv6_cidr_block": false,
            "cidr_block": "10.0.10.0/24",
            "default_network_acl_id": "acl-05b5ee7ab834185ed",
            "default_route_table_id": "rtb-0813a9a03c02ccf82",
            "default_security_group_id": "sg-0a2ac2cd414f06e0b",
            "dhcp_options_id": "dopt-0253103566a559c67",
            "enable_dns_hostnames": false,
            "enable_dns_support": true,
            "enable_network_address_usage_metrics": false,
            "id": "vpc-0b961738053dd2d96",
            "instance_tenancy": "default",
            "ipv4_ipam_pool_id": null,
            "ipv4_netmask_length": null,
            "ipv6_association_id": "",
            "ipv6_cidr_block": "",
            "ipv6_cidr_block_network_border_group": "",
            "ipv6_ipam_pool_id": "",
            "ipv6_netmask_length": 0,
            "main_route_table_id": "rtb-0813a9a03c02ccf82",
            "owner_id": "471112779887",
            "tags": {
              "Name": "prod"
            },
            "tags_all": {
              "Name": "prod"
            }
          },
          "sensitive_attributes": [],
          "private": "eyJzY2hlbWFfdmVyc2lvbiI6IjEifQ=="
        },
        {
          "index_key": "qa",
          "schema_version": 1,
          "attributes": {
            "arn": "arn:aws:ec2:eu-west-2:471112779887:vpc/vpc-0c5f88dbc9eea7d39",
            "assign_generated_ipv6_cidr_block": false,
            "cidr_block": "10.0.20.0/24",
            "default_network_acl_id": "acl-0f6429907c2528a30",
            "default_route_table_id": "rtb-068eb8c0e7cb0a381",
            "default_security_group_id": "sg-046d73a91212ec407",
            "dhcp_options_id": "dopt-0253103566a559c67",
            "enable_dns_hostnames": false,
            "enable_dns_support": true,
            "enable_network_address_usage_metrics": false,
            "id": "vpc-0c5f88dbc9eea7d39",
            "instance_tenancy": "default",
            "ipv4_ipam_pool_id": null,
            "ipv4_netmask_length": null,
            "ipv6_association_id": "",
            "ipv6_cidr_block": "",
            "ipv6_cidr_block_network_border_group": "",
            "ipv6_ipam_pool_id": "",
            "ipv6_netmask_length": 0,
            "main_route_table_id": "rtb-068eb8c0e7cb0a381",
            "owner_id": "471112779887",
            "tags": {
              "Name": "qa"
            },
            "tags_all": {
              "Name": "qa"
            }
          },
          "sensitive_attributes": [],
          "private": "eyJzY2hlbWFfdmVyc2lvbiI6IjEifQ=="
        }
      ]
    }
  ],
  "check_results": null
}
